
Microsoft Visual Studio Solution File, Format Version 12.00
# Visual Studio 14
VisualStudioVersion = 14.0.25420.1
MinimumVisualStudioVersion = 10.0.40219.1
Project("{FAE04EC0-301F-11D3-BF4B-00C04F79EFBC}") = "PmaLogProcessor", "ParseLogs\PmaLogProcessor.csproj", "{89861FC1-EFDF-4B5A-A5E9-6407B29B0EEF}"
EndProject
Project("{FAE04EC0-301F-11D3-BF4B-00C04F79EFBC}") = "ParseLogsTester", "ParseLogsTester\ParseLogsTester.csproj", "{E604D769-7FE0-404C-BBCC-FFBFE9CAC651}"
EndProject
Project("{FAE04EC0-301F-11D3-BF4B-00C04F79EFBC}") = "PmaEntities", "..\PmaEntities\PmaEntities.csproj", "{1098590E-A0DD-4A05-89DE-E2835F5141A8}"
EndProject
Global
	GlobalSection(SolutionConfigurationPlatforms) = preSolution
		Debug|Any CPU = Debug|Any CPU
		Release|Any CPU = Release|Any CPU
	EndGlobalSection
	GlobalSection(ProjectConfigurationPlatforms) = postSolution
		{89861FC1-EFDF-4B5A-A5E9-6407B29B0EEF}.Debug|Any CPU.ActiveCfg = Debug|Any CPU
		{89861FC1-EFDF-4B5A-A5E9-6407B29B0EEF}.Debug|Any CPU.Build.0 = Debug|Any CPU
		{89861FC1-EFDF-4B5A-A5E9-6407B29B0EEF}.Release|Any CPU.ActiveCfg = Release|Any CPU
		{89861FC1-EFDF-4B5A-A5E9-6407B29B0EEF}.Release|Any CPU.Build.0 = Release|Any CPU
		{E604D769-7FE0-404C-BBCC-FFBFE9CAC651}.Debug|Any CPU.ActiveCfg = Debug|Any CPU
		{E604D769-7FE0-404C-BBCC-FFBFE9CAC651}.Debug|Any CPU.Build.0 = Debug|Any CPU
		{E604D769-7FE0-404C-BBCC-FFBFE9CAC651}.Release|Any CPU.ActiveCfg = Release|Any CPU
		{E604D769-7FE0-404C-BBCC-FFBFE9CAC651}.Release|Any CPU.Build.0 = Release|Any CPU
		{1098590E-A0DD-4A05-89DE-E2835F5141A8}.Debug|Any CPU.ActiveCfg = Debug|Any CPU
		{1098590E-A0DD-4A05-89DE-E2835F5141A8}.Debug|Any CPU.Build.0 = Debug|Any CPU
		{1098590E-A0DD-4A05-89DE-E2835F5141A8}.Release|Any CPU.ActiveCfg = Release|Any CPU
		{1098590E-A0DD-4A05-89DE-E2835F5141A8}.Release|Any CPU.Build.0 = Release|Any CPU
	EndGlobalSection
	GlobalSection(SolutionProperties) = preSolution
		HideSolutionNode = FALSE
	EndGlobalSection
EndGlobal
